# Generated by pub
# See https://dart.dev/tools/pub/glossary#lockfile
packages:
  color_models:
    dependency: "direct main"
    description:
      name: color_models
      url: "http://localhost:4000"
    source: hosted
    version: "1.2.1"
  delta_e:
    dependency: "direct main"
    description:
      name: delta_e
      url: "http://localhost:4000"
    source: hosted
    version: "0.2.0"
  matcher:
    dependency: transitive
    description:
      name: matcher
      url: "http://localhost:4000"
    source: hosted
    version: "0.12.10"
  meta:
    dependency: transitive
    description:
      name: meta
      url: "http://localhost:4000"
    source: hosted
    version: "1.4.0"
  num_utilities:
    dependency: transitive
    description:
      name: num_utilities
      url: "http://localhost:4000"
    source: hosted
    version: "1.0.1"
  path:
    dependency: transitive
    description:
      name: path
      url: "http://localhost:4000"
    source: hosted
    version: "1.8.0"
  powers:
    dependency: transitive
    description:
      name: powers
      url: "http://localhost:4000"
    source: hosted
    version: "1.0.0+2"
  quiver:
    dependency: transitive
    description:
      name: quiver
      url: "http://localhost:4000"
    source: hosted
    version: "3.0.1"
  stack_trace:
    dependency: transitive
    description:
      name: stack_trace
      url: "http://localhost:4000"
    source: hosted
    version: "1.10.0"
  tuple:
    dependency: "direct main"
    description:
      name: tuple
      url: "http://localhost:4000"
    source: hosted
    version: "2.0.0"
sdks:
  dart: ">=2.12.0 <3.0.0"
